// !$*UTF8*$!
{
	archiveVersion = 1;
	classes = {
	};
	objectVersion = 46;
	objects = {

/* Begin PBXBuildFile section */
		8A3B91F618123E1400DBEF6D /* Foundation.framework in Frameworks */ = {isa = PBXBuildFile; fileRef = 8A3B91F518123E1400DBEF6D /* Foundation.framework */; };
		8A3B91F818123E1400DBEF6D /* CoreGraphics.framework in Frameworks */ = {isa = PBXBuildFile; fileRef = 8A3B91F718123E1400DBEF6D /* CoreGraphics.framework */; };
		8A3B91FA18123E1400DBEF6D /* UIKit.framework in Frameworks */ = {isa = PBXBuildFile; fileRef = 8A3B91F918123E1400DBEF6D /* UIKit.framework */; };
		8A3B920018123E1400DBEF6D /* InfoPlist.strings in Resources */ = {isa = PBXBuildFile; fileRef = 8A3B91FE18123E1400DBEF6D /* InfoPlist.strings */; };
		8A3B920218123E1400DBEF6D /* main.m in Sources */ = {isa = PBXBuildFile; fileRef = 8A3B920118123E1400DBEF6D /* main.m */; };
		8A3B920618123E1400DBEF6D /* ZMBAppDelegate.m in Sources */ = {isa = PBXBuildFile; fileRef = 8A3B920518123E1400DBEF6D /* ZMBAppDelegate.m */; };
		8A3B920918123E1400DBEF6D /* Main.storyboard in Resources */ = {isa = PBXBuildFile; fileRef = 8A3B920718123E1400DBEF6D /* Main.storyboard */; };
		8A3B920C18123E1400DBEF6D /* ZMBViewController.m in Sources */ = {isa = PBXBuildFile; fileRef = 8A3B920B18123E1400DBEF6D /* ZMBViewController.m */; };
		8A3B920E18123E1400DBEF6D /* Images.xcassets in Resources */ = {isa = PBXBuildFile; fileRef = 8A3B920D18123E1400DBEF6D /* Images.xcassets */; };
		8A3B921518123E1400DBEF6D /* XCTest.framework in Frameworks */ = {isa = PBXBuildFile; fileRef = 8A3B921418123E1400DBEF6D /* XCTest.framework */; };
		8A3B921618123E1400DBEF6D /* Foundation.framework in Frameworks */ = {isa = PBXBuildFile; fileRef = 8A3B91F518123E1400DBEF6D /* Foundation.framework */; };
		8A3B921718123E1400DBEF6D /* UIKit.framework in Frameworks */ = {isa = PBXBuildFile; fileRef = 8A3B91F918123E1400DBEF6D /* UIKit.framework */; };
		8A3B921F18123E1400DBEF6D /* InfoPlist.strings in Resources */ = {isa = PBXBuildFile; fileRef = 8A3B921D18123E1400DBEF6D /* InfoPlist.strings */; };
		8A3B922118123E1400DBEF6D /* NSLogs_IBActionsTests.m in Sources */ = {isa = PBXBuildFile; fileRef = 8A3B922018123E1400DBEF6D /* NSLogs_IBActionsTests.m */; };
/* End PBXBuildFile section */

/* Begin PBXContainerItemProxy section */
		8A3B921818123E1400DBEF6D /* PBXContainerItemProxy */ = {
			isa = PBXContainerItemProxy;
			containerPortal = 8A3B91EA18123E1300DBEF6D /* Project object */;
			proxyType = 1;
			remoteGlobalIDString = 8A3B91F118123E1400DBEF6D;
			remoteInfo = "NSLogs&IBActions";
		};
/* End PBXContainerItemProxy section */

/* Begin PBXFileReference section */
		8A3B91F218123E1400DBEF6D /* NSLogs&IBActions.app */ = {isa = PBXFileReference; explicitFileType = wrapper.application; includeInIndex = 0; path = "NSLogs&IBActions.app"; sourceTree = BUILT_PRODUCTS_DIR; };
		8A3B91F518123E1400DBEF6D /* Foundation.framework */ = {isa = PBXFileReference; lastKnownFileType = wrapper.framework; name = Foundation.framework; path = System/Library/Frameworks/Foundation.framework; sourceTree = SDKROOT; };
		8A3B91F718123E1400DBEF6D /* CoreGraphics.framework */ = {isa = PBXFileReference; lastKnownFileType = wrapper.framework; name = CoreGraphics.framework; path = System/Library/Frameworks/CoreGraphics.framework; sourceTree = SDKROOT; };
		8A3B91F918123E1400DBEF6D /* UIKit.framework */ = {isa = PBXFileReference; lastKnownFileType = wrapper.framework; name = UIKit.framework; path = System/Library/Frameworks/UIKit.framework; sourceTree = SDKROOT; };
		8A3B91FD18123E1400DBEF6D /* NSLogs&IBActions-Info.plist */ = {isa = PBXFileReference; lastKnownFileType = text.plist.xml; path = "NSLogs&IBActions-Info.plist"; sourceTree = "<group>"; };
		8A3B91FF18123E1400DBEF6D /* en */ = {isa = PBXFileReference; lastKnownFileType = text.plist.strings; name = en; path = en.lproj/InfoPlist.strings; sourceTree = "<group>"; };
		8A3B920118123E1400DBEF6D /* main.m */ = {isa = PBXFileReference; lastKnownFileType = sourcecode.c.objc; path = main.m; sourceTree = "<group>"; };
		8A3B920318123E1400DBEF6D /* NSLogs&IBActions-Prefix.pch */ = {isa = PBXFileReference; lastKnownFileType = sourcecode.c.h; path = "NSLogs&IBActions-Prefix.pch"; sourceTree = "<group>"; };
		8A3B920418123E1400DBEF6D /* ZMBAppDelegate.h */ = {isa = PBXFileReference; lastKnownFileType = sourcecode.c.h; path = ZMBAppDelegate.h; sourceTree = "<group>"; };
		8A3B920518123E1400DBEF6D /* ZMBAppDelegate.m */ = {isa = PBXFileReference; lastKnownFileType = sourcecode.c.objc; path = ZMBAppDelegate.m; sourceTree = "<group>"; };
		8A3B920818123E1400DBEF6D /* Base */ = {isa = PBXFileReference; lastKnownFileType = file.storyboard; name = Base; path = Base.lproj/Main.storyboard; sourceTree = "<group>"; };
		8A3B920A18123E1400DBEF6D /* ZMBViewController.h */ = {isa = PBXFileReference; lastKnownFileType = sourcecode.c.h; path = ZMBViewController.h; sourceTree = "<group>"; };
		8A3B920B18123E1400DBEF6D /* ZMBViewController.m */ = {isa = PBXFileReference; lastKnownFileType = sourcecode.c.objc; path = ZMBViewController.m; sourceTree = "<group>"; };
		8A3B920D18123E1400DBEF6D /* Images.xcassets */ = {isa = PBXFileReference; lastKnownFileType = folder.assetcatalog; path = Images.xcassets; sourceTree = "<group>"; };
		8A3B921318123E1400DBEF6D /* NSLogs&IBActionsTests.xctest */ = {isa = PBXFileReference; explicitFileType = wrapper.cfbundle; includeInIndex = 0; path = "NSLogs&IBActionsTests.xctest"; sourceTree = BUILT_PRODUCTS_DIR; };
		8A3B921418123E1400DBEF6D /* XCTest.framework */ = {isa = PBXFileReference; lastKnownFileType = wrapper.framework; name = XCTest.framework; path = Library/Frameworks/XCTest.framework; sourceTree = DEVELOPER_DIR; };
		8A3B921C18123E1400DBEF6D /* NSLogs&IBActionsTests-Info.plist */ = {isa = PBXFileReference; lastKnownFileType = text.plist.xml; path = "NSLogs&IBActionsTests-Info.plist"; sourceTree = "<group>"; };
		8A3B921E18123E1400DBEF6D /* en */ = {isa = PBXFileReference; lastKnownFileType = text.plist.strings; name = en; path = en.lproj/InfoPlist.strings; sourceTree = "<group>"; };
		8A3B922018123E1400DBEF6D /* NSLogs_IBActionsTests.m */ = {isa = PBXFileReference; lastKnownFileType = sourcecode.c.objc; path = NSLogs_IBActionsTests.m; sourceTree = "<group>"; };
/* End PBXFileReference section */

/* Begin PBXFrameworksBuildPhase section */
		8A3B91EF18123E1400DBEF6D /* Frameworks */ = {
			isa = PBXFrameworksBuildPhase;
			buildActionMask = 2147483647;
			files = (
				8A3B91F818123E1400DBEF6D /* CoreGraphics.framework in Frameworks */,
				8A3B91FA18123E1400DBEF6D /* UIKit.framework in Frameworks */,
				8A3B91F618123E1400DBEF6D /* Foundation.framework in Frameworks */,
			);
			runOnlyForDeploymentPostprocessing = 0;
		};
		8A3B921018123E1400DBEF6D /* Frameworks */ = {
			isa = PBXFrameworksBuildPhase;
			buildActionMask = 2147483647;
			files = (
				8A3B921518123E1400DBEF6D /* XCTest.framework in Frameworks */,
				8A3B921718123E1400DBEF6D /* UIKit.framework in Frameworks */,
				8A3B921618123E1400DBEF6D /* Foundation.framework in Frameworks */,
			);
			runOnlyForDeploymentPostprocessing = 0;
		};
/* End PBXFrameworksBuildPhase section */

/* Begin PBXGroup section */
		8A3B91E918123E1300DBEF6D = {
			isa = PBXGroup;
			children = (
				8A3B91FB18123E1400DBEF6D /* NSLogs&IBActions */,
				8A3B921A18123E1400DBEF6D /* NSLogs&IBActionsTests */,
				8A3B91F418123E1400DBEF6D /* Frameworks */,
				8A3B91F318123E1400DBEF6D /* Products */,
			);
			sourceTree = "<group>";
		};
		8A3B91F318123E1400DBEF6D /* Products */ = {
			isa = PBXGroup;
			children = (
				8A3B91F218123E1400DBEF6D /* NSLogs&IBActions.app */,
				8A3B921318123E1400DBEF6D /* NSLogs&IBActionsTests.xctest */,
			);
			name = Products;
			sourceTree = "<group>";
		};
		8A3B91F418123E1400DBEF6D /* Frameworks */ = {
			isa = PBXGroup;
			children = (
				8A3B91F518123E1400DBEF6D /* Foundation.framework */,
				8A3B91F718123E1400DBEF6D /* CoreGraphics.framework */,
				8A3B91F918123E1400DBEF6D /* UIKit.framework */,
				8A3B921418123E1400DBEF6D /* XCTest.framework */,
			);
			name = Frameworks;
			sourceTree = "<group>";
		};
		8A3B91FB18123E1400DBEF6D /* NSLogs&IBActions */ = {
			isa = PBXGroup;
			children = (
				8A3B920418123E1400DBEF6D /* ZMBAppDelegate.h */,
				8A3B920518123E1400DBEF6D /* ZMBAppDelegate.m */,
				8A3B920718123E1400DBEF6D /* Main.storyboard */,
				8A3B920A18123E1400DBEF6D /* ZMBViewController.h */,
				8A3B920B18123E1400DBEF6D /* ZMBViewController.m */,
				8A3B920D18123E1400DBEF6D /* Images.xcassets */,
				8A3B91FC18123E1400DBEF6D /* Supporting Files */,
			);
			path = "NSLogs&IBActions";
			sourceTree = "<group>";
		};
		8A3B91FC18123E1400DBEF6D /* Supporting Files */ = {
			isa = PBXGroup;
			children = (
				8A3B91FD18123E1400DBEF6D /* NSLogs&IBActions-Info.plist */,
				8A3B91FE18123E1400DBEF6D /* InfoPlist.strings */,
				8A3B920118123E1400DBEF6D /* main.m */,
				8A3B920318123E1400DBEF6D /* NSLogs&IBActions-Prefix.pch */,
			);
			name = "Supporting Files";
			sourceTree = "<group>";
		};
		8A3B921A18123E1400DBEF6D /* NSLogs&IBActionsTests */ = {
			isa = PBXGroup;
			children = (
				8A3B922018123E1400DBEF6D /* NSLogs_IBActionsTests.m */,
				8A3B921B18123E1400DBEF6D /* Supporting Files */,
			);
			path = "NSLogs&IBActionsTests";
			sourceTree = "<group>";
		};
		8A3B921B18123E1400DBEF6D /* Supporting Files */ = {
			isa = PBXGroup;
			children = (
				8A3B921C18123E1400DBEF6D /* NSLogs&IBActionsTests-Info.plist */,
				8A3B921D18123E1400DBEF6D /* InfoPlist.strings */,
			);
			name = "Supporting Files";
			sourceTree = "<group>";
		};
/* End PBXGroup section */

/* Begin PBXNativeTarget section */
		8A3B91F118123E1400DBEF6D /* NSLogs&IBActions */ = {
			isa = PBXNativeTarget;
			buildConfigurationList = 8A3B922418123E1400DBEF6D /* Build configuration list for PBXNativeTarget "NSLogs&IBActions" */;
			buildPhases = (
				8A3B91EE18123E1400DBEF6D /* Sources */,
				8A3B91EF18123E1400DBEF6D /* Frameworks */,
				8A3B91F018123E1400DBEF6D /* Resources */,
			);
			buildRules = (
			);
			dependencies = (
			);
			name = "NSLogs&IBActions";
			productName = "NSLogs&IBActions";
			productReference = 8A3B91F218123E1400DBEF6D /* NSLogs&IBActions.app */;
			productType = "com.apple.product-type.application";
		};
		8A3B921218123E1400DBEF6D /* NSLogs&IBActionsTests */ = {
			isa = PBXNativeTarget;
			buildConfigurationList = 8A3B922718123E1400DBEF6D /* Build configuration list for PBXNativeTarget "NSLogs&IBActionsTests" */;
			buildPhases = (
				8A3B920F18123E1400DBEF6D /* Sources */,
				8A3B921018123E1400DBEF6D /* Frameworks */,
				8A3B921118123E1400DBEF6D /* Resources */,
			);
			buildRules = (
			);
			dependencies = (
				8A3B921918123E1400DBEF6D /* PBXTargetDependency */,
			);
			name = "NSLogs&IBActionsTests";
			productName = "NSLogs&IBActionsTests";
			productReference = 8A3B921318123E1400DBEF6D /* NSLogs&IBActionsTests.xctest */;
			productType = "com.apple.product-type.bundle.unit-test";
		};
/* End PBXNativeTarget section */

/* Begin PBXProject section */
		8A3B91EA18123E1300DBEF6D /* Project object */ = {
			isa = PBXProject;
			attributes = {
				CLASSPREFIX = ZMB;
				LastUpgradeCheck = 0500;
				ORGANIZATIONNAME = "Zuri Biringer";
				TargetAttributes = {
					8A3B921218123E1400DBEF6D = {
						TestTargetID = 8A3B91F118123E1400DBEF6D;
					};
				};
			};
			buildConfigurationList = 8A3B91ED18123E1300DBEF6D /* Build configuration list for PBXProject "NSLogs&IBActions" */;
			compatibilityVersion = "Xcode 3.2";
			developmentRegion = English;
			hasScannedForEncodings = 0;
			knownRegions = (
				en,
				Base,
			);
			mainGroup = 8A3B91E918123E1300DBEF6D;
			productRefGroup = 8A3B91F318123E1400DBEF6D /* Products */;
			projectDirPath = "";
			projectRoot = "";
			targets = (
				8A3B91F118123E1400DBEF6D /* NSLogs&IBActions */,
				8A3B921218123E1400DBEF6D /* NSLogs&IBActionsTests */,
			);
		};
/* End PBXProject section */

/* Begin PBXResourcesBuildPhase section */
		8A3B91F018123E1400DBEF6D /* Resources */ = {
			isa = PBXResourcesBuildPhase;
			buildActionMask = 2147483647;
			files = (
				8A3B920E18123E1400DBEF6D /* Images.xcassets in Resources */,
				8A3B920018123E1400DBEF6D /* InfoPlist.strings in Resources */,
				8A3B920918123E1400DBEF6D /* Main.storyboard in Resources */,
			);
			runOnlyForDeploymentPostprocessing = 0;
		};
		8A3B921118123E1400DBEF6D /* Resources */ = {
			isa = PBXResourcesBuildPhase;
			buildActionMask = 2147483647;
			files = (
				8A3B921F18123E1400DBEF6D /* InfoPlist.strings in Resources */,
			);
			runOnlyForDeploymentPostprocessing = 0;
		};
/* End PBXResourcesBuildPhase section */

/* Begin PBXSourcesBuildPhase section */
		8A3B91EE18123E1400DBEF6D /* Sources */ = {
			isa = PBXSourcesBuildPhase;
			buildActionMask = 2147483647;
			files = (
				8A3B920618123E1400DBEF6D /* ZMBAppDelegate.m in Sources */,
				8A3B920218123E1400DBEF6D /* main.m in Sources */,
				8A3B920C18123E1400DBEF6D /* ZMBViewController.m in Sources */,
			);
			runOnlyForDeploymentPostprocessing = 0;
		};
		8A3B920F18123E1400DBEF6D /* Sources */ = {
			isa = PBXSourcesBuildPhase;
			buildActionMask = 2147483647;
			files = (
				8A3B922118123E1400DBEF6D /* NSLogs_IBActionsTests.m in Sources */,
			);
			runOnlyForDeploymentPostprocessing = 0;
		};
/* End PBXSourcesBuildPhase section */

/* Begin PBXTargetDependency section */
		8A3B921918123E1400DBEF6D /* PBXTargetDependency */ = {
			isa = PBXTargetDependency;
			target = 8A3B91F118123E1400DBEF6D /* NSLogs&IBActions */;
			targetProxy = 8A3B921818123E1400DBEF6D /* PBXContainerItemProxy */;
		};
/* End PBXTargetDependency section */

/* Begin PBXVariantGroup section */
		8A3B91FE18123E1400DBEF6D /* InfoPlist.strings */ = {
			isa = PBXVariantGroup;
			children = (
				8A3B91FF18123E1400DBEF6D /* en */,
			);
			name = InfoPlist.strings;
			sourceTree = "<group>";
		};
		8A3B920718123E1400DBEF6D /* Main.storyboard */ = {
			isa = PBXVariantGroup;
			children = (
				8A3B920818123E1400DBEF6D /* Base */,
			);
			name = Main.storyboard;
			sourceTree = "<group>";
		};
		8A3B921D18123E1400DBEF6D /* InfoPlist.strings */ = {
			isa = PBXVariantGroup;
			children = (
				8A3B921E18123E1400DBEF6D /* en */,
			);
			name = InfoPlist.strings;
			sourceTree = "<group>";
		};
/* End PBXVariantGroup section */

/* Begin XCBuildConfiguration section */
		8A3B922218123E1400DBEF6D /* Debug */ = {
			isa = XCBuildConfiguration;
			buildSettings = {
				ALWAYS_SEARCH_USER_PATHS = NO;
				ARCHS = "$(ARCHS_STANDARD_INCLUDING_64_BIT)";
				CLANG_CXX_LANGUAGE_STANDARD = "gnu++0x";
				CLANG_CXX_LIBRARY = "libc++";
				CLANG_ENABLE_MODULES = YES;
				CLANG_ENABLE_OBJC_ARC = YES;
				CLANG_WARN_BOOL_CONVERSION = YES;
				CLANG_WARN_CONSTANT_CONVERSION = YES;
				CLANG_WARN_DIRECT_OBJC_ISA_USAGE = YES_ERROR;
				CLANG_WARN_EMPTY_BODY = YES;
				CLANG_WARN_ENUM_CONVERSION = YES;
				CLANG_WARN_INT_CONVERSION = YES;
				CLANG_WARN_OBJC_ROOT_CLASS = YES_ERROR;
				CLANG_WARN__DUPLICATE_METHOD_MATCH = YES;
				"CODE_SIGN_IDENTITY[sdk=iphoneos*]" = "iPhone Developer";
				COPY_PHASE_STRIP = NO;
				GCC_C_LANGUAGE_STANDARD = gnu99;
				GCC_DYNAMIC_NO_PIC = NO;
				GCC_OPTIMIZATION_LEVEL = 0;
				GCC_PREPROCESSOR_DEFINITIONS = (
					"DEBUG=1",
					"$(inherited)",
				);
				GCC_SYMBOLS_PRIVATE_EXTERN = NO;
				GCC_WARN_64_TO_32_BIT_CONVERSION = YES;
				GCC_WARN_ABOUT_RETURN_TYPE = YES_ERROR;
				GCC_WARN_UNDECLARED_SELECTOR = YES;
				GCC_WARN_UNINITIALIZED_AUTOS = YES;
				GCC_WARN_UNUSED_FUNCTION = YES;
				GCC_WARN_UNUSED_VARIABLE = YES;
				IPHONEOS_DEPLOYMENT_TARGET = 7.0;
				ONLY_ACTIVE_ARCH = YES;
				SDKROOT = iphoneos;
			};
			name = Debug;
		};
		8A3B922318123E1400DBEF6D /* Release */ = {
			isa = XCBuildConfiguration;
			buildSettings = {
				ALWAYS_SEARCH_USER_PATHS = NO;
				ARCHS = "$(ARCHS_STANDARD_INCLUDING_64_BIT)";
				CLANG_CXX_LANGUAGE_STANDARD = "gnu++0x";
				CLANG_CXX_LIBRARY = "libc++";
				CLANG_ENABLE_MODULES = YES;
				CLANG_ENABLE_OBJC_ARC = YES;
				CLANG_WARN_BOOL_CONVERSION = YES;
				CLANG_WARN_CONSTANT_CONVERSION = YES;
				CLANG_WARN_DIRECT_OBJC_ISA_USAGE = YES_ERROR;
				CLANG_WARN_EMPTY_BODY = YES;
				CLANG_WARN_ENUM_CONVERSION = YES;
				CLANG_WARN_INT_CONVERSION = YES;
				CLANG_WARN_OBJC_ROOT_CLASS = YES_ERROR;
				CLANG_WARN__DUPLICATE_METHOD_MATCH = YES;
				"CODE_SIGN_IDENTITY[sdk=iphoneos*]" = "iPhone Developer";
				COPY_PHASE_STRIP = YES;
				ENABLE_NS_ASSERTIONS = NO;
				GCC_C_LANGUAGE_STANDARD = gnu99;
				GCC_WARN_64_TO_32_BIT_CONVERSION = YES;
				GCC_WARN_ABOUT_RETURN_TYPE = YES_ERROR;
				GCC_WARN_UNDECLARED_SELECTOR = YES;
				GCC_WARN_UNINITIALIZED_AUTOS = YES;
				GCC_WARN_UNUSED_FUNCTION = YES;
				GCC_WARN_UNUSED_VARIABLE = YES;
				IPHONEOS_DEPLOYMENT_TARGET = 7.0;
				SDKROOT = iphoneos;
				VALIDATE_PRODUCT = YES;
			};
			name = Release;
		};
		8A3B922518123E1400DBEF6D /* Debug */ = {
			isa = XCBuildConfiguration;
			buildSettings = {
				ASSETCATALOG_COMPILER_APPICON_NAME = AppIcon;
				ASSETCATALOG_COMPILER_LAUNCHIMAGE_NAME = LaunchImage;
				GCC_PRECOMPILE_PREFIX_HEADER = YES;
				GCC_PREFIX_HEADER = "NSLogs&IBActions/NSLogs&IBActions-Prefix.pch";
				INFOPLIST_FILE = "NSLogs&IBActions/NSLogs&IBActions-Info.plist";
				PRODUCT_NAME = "$(TARGET_NAME)";
				WRAPPER_EXTENSION = app;
			};
			name = Debug;
		};
		8A3B922618123E1400DBEF6D /* Release */ = {
			isa = XCBuildConfiguration;
			buildSettings = {
				ASSETCATALOG_COMPILER_APPICON_NAME = AppIcon;
				ASSETCATALOG_COMPILER_LAUNCHIMAGE_NAME = LaunchImage;
				GCC_PRECOMPILE_PREFIX_HEADER = YES;
				GCC_PREFIX_HEADER = "NSLogs&IBActions/NSLogs&IBActions-Prefix.pch";
				INFOPLIST_FILE = "NSLogs&IBActions/NSLogs&IBActions-Info.plist";
				PRODUCT_NAME = "$(TARGET_NAME)";
				WRAPPER_EXTENSION = app;
			};
			name = Release;
		};
		8A3B922818123E1400DBEF6D /* Debug */ = {
			isa = XCBuildConfiguration;
			buildSettings = {
				ARCHS = "$(ARCHS_STANDARD_INCLUDING_64_BIT)";
				BUNDLE_LOADER = "$(BUILT_PRODUCTS_DIR)/NSLogs&IBActions.app/NSLogs&IBActions";
				FRAMEWORK_SEARCH_PATHS = (
					"$(SDKROOT)/Developer/Library/Frameworks",
					"$(inherited)",
					"$(DEVELOPER_FRAMEWORKS_DIR)",
				);
				GCC_PRECOMPILE_PREFIX_HEADER = YES;
				GCC_PREFIX_HEADER = "NSLogs&IBActions/NSLogs&IBActions-Prefix.pch";
				GCC_PREPROCESSOR_DEFINITIONS = (
					"DEBUG=1",
					"$(inherited)",
				);
				INFOPLIST_FILE = "NSLogs&IBActionsTests/NSLogs&IBActionsTests-Info.plist";
				PRODUCT_NAME = "$(TARGET_NAME)";
				TEST_HOST = "$(BUNDLE_LOADER)";
				WRAPPER_EXTENSION = xctest;
			};
			name = Debug;
		};
		8A3B922918123E1400DBEF6D /* Release */ = {
			isa = XCBuildConfiguration;
			buildSettings = {
				ARCHS = "$(ARCHS_STANDARD_INCLUDING_64_BIT)";
				BUNDLE_LOADER = "$(BUILT_PRODUCTS_DIR)/NSLogs&IBActions.app/NSLogs&IBActions";
				FRAMEWORK_SEARCH_PATHS = (
					"$(SDKROOT)/Developer/Library/Frameworks",
					"$(inherited)",
					"$(DEVELOPER_FRAMEWORKS_DIR)",
				);
				GCC_PRECOMPILE_PREFIX_HEADER = YES;
				GCC_PREFIX_HEADER = "NSLogs&IBActions/NSLogs&IBActions-Prefix.pch";
				INFOPLIST_FILE = "NSLogs&IBActionsTests/NSLogs&IBActionsTests-Info.plist";
				PRODUCT_NAME = "$(TARGET_NAME)";
				TEST_HOST = "$(BUNDLE_LOADER)";
				WRAPPER_EXTENSION = xctest;
			};
			name = Release;
		};
/* End XCBuildConfiguration section */

/* Begin XCConfigurationList section */
		8A3B91ED18123E1300DBEF6D /* Build configuration list for PBXProject "NSLogs&IBActions" */ = {
			isa = XCConfigurationList;
			buildConfigurations = (
				8A3B922218123E1400DBEF6D /* Debug */,
				8A3B922318123E1400DBEF6D /* Release */,
			);
			defaultConfigurationIsVisible = 0;
			defaultConfigurationName = Release;
		};
		8A3B922418123E1400DBEF6D /* Build configuration list for PBXNativeTarget "NSLogs&IBActions" */ = {
			isa = XCConfigurationList;
			buildConfigurations = (
				8A3B922518123E1400DBEF6D /* Debug */,
				8A3B922618123E1400DBEF6D /* Release */,
			);
			defaultConfigurationIsVisible = 0;
		};
		8A3B922718123E1400DBEF6D /* Build configuration list for PBXNativeTarget "NSLogs&IBActionsTests" */ = {
			isa = XCConfigurationList;
			buildConfigurations = (
				8A3B922818123E1400DBEF6D /* Debug */,
				8A3B922918123E1400DBEF6D /* Release */,
			);
			defaultConfigurationIsVisible = 0;
		};
/* End XCConfigurationList section */
	};
	rootObject = 8A3B91EA18123E1300DBEF6D /* Project object */;
}
